{
  "name": "akpica-blog",
  "lockfileVersion": 3,
  "requires": true,
  "packages": {
    "": {
      "dependencies": {
        "cloudinary-core": "^2.13.1"
      }
    },
    "node_modules/cloudinary-core": {
      "version": "2.13.1",
      "resolved": "https://registry.npmjs.org/cloudinary-core/-/cloudinary-core-2.13.1.tgz",
      "integrity": "sha512-z53GPNWnvU0Zi+ns8CIVbZBfj7ps/++zDvwIyiFuq5p1MoK+KUCg0k5mBceDDHTnx1gHmHUd9aohS+gDxPNt6w==",
      "peerDependencies": {
        "lodash": ">=4.0"
      }
    },
    "node_modules/lodash": {
      "version": "4.17.21",
      "resolved": "https://registry.npmjs.org/lodash/-/lodash-4.17.21.tgz",
      "integrity": "sha512-v2kDEe57lecTulaDIuNTPy3Ry4gLGJ6Z1O3vE1krgXZNrsQ+LFTGHVxVjcXPs17LhbZVGedAJv8XZ1tvj5FvSg==",
      "peer": true
    }
  }
}
